
Microsoft Visual Studio Solution File, Format Version 12.00
# Visual Studio Version 17
VisualStudioVersion = 17.14.36518.9 d17.14
MinimumVisualStudioVersion = 10.0.40219.1
Project("{FAE04EC0-301F-11D3-BF4B-00C04F79EFBC}") = "Poddprojekt", "Poddprojekt.csproj", "{9EF6B991-01DB-45E1-BA5C-67A0E98E4700}"
EndProject
Global
	GlobalSection(SolutionConfigurationPlatforms) = preSolution
		Debug|Any CPU = Debug|Any CPU
		Release|Any CPU = Release|Any CPU
	EndGlobalSection
	GlobalSection(ProjectConfigurationPlatforms) = postSolution
		{9EF6B991-01DB-45E1-BA5C-67A0E98E4700}.Debug|Any CPU.ActiveCfg = Debug|Any CPU
		{9EF6B991-01DB-45E1-BA5C-67A0E98E4700}.Debug|Any CPU.Build.0 = Debug|Any CPU
		{9EF6B991-01DB-45E1-BA5C-67A0E98E4700}.Release|Any CPU.ActiveCfg = Release|Any CPU
		{9EF6B991-01DB-45E1-BA5C-67A0E98E4700}.Release|Any CPU.Build.0 = Release|Any CPU
	EndGlobalSection
	GlobalSection(SolutionProperties) = preSolution
		HideSolutionNode = FALSE
	EndGlobalSection
	GlobalSection(ExtensibilityGlobals) = postSolution
		SolutionGuid = {5CB7222C-7675-4CA4-83DF-138F6C6A2F5C}
	EndGlobalSection
EndGlobal
